// !$*UTF8*$!
{
	archiveVersion = 1;
	classes = {
	};
	objectVersion = 46;
	objects = {

/* Begin PBXBuildFile section */
		1F5BFF2B1E1CB6AC00D084BC /* main.cpp in Sources */ = {isa = PBXBuildFile; fileRef = 1F5BFF2A1E1CB6AC00D084BC /* main.cpp */; };
		1F5BFF361E1CB75400D084BC /* Vector_Implemention.hpp in Sources */ = {isa = PBXBuildFile; fileRef = 1F5BFF341E1CB75400D084BC /* Vector_Implemention.hpp */; };
		2809D3E01E1FCCD500140797 /* List_Implemention.hpp in Sources */ = {isa = PBXBuildFile; fileRef = 2809D3DE1E1FCCD500140797 /* List_Implemention.hpp */; };
		2836DA891E228508009C0262 /* BinNode_Implemention.hpp in Sources */ = {isa = PBXBuildFile; fileRef = 2836DA871E228508009C0262 /* BinNode_Implemention.hpp */; };
		28FE81A31E23DEA6002B1B53 /* BinTree_Implemention.hpp in Sources */ = {isa = PBXBuildFile; fileRef = 28FE81A11E23DEA6002B1B53 /* BinTree_Implemention.hpp */; };
/* End PBXBuildFile section */

/* Begin PBXCopyFilesBuildPhase section */
		1F5BFF251E1CB6AC00D084BC /* CopyFiles */ = {
			isa = PBXCopyFilesBuildPhase;
			buildActionMask = 2147483647;
			dstPath = /usr/share/man/man1/;
			dstSubfolderSpec = 0;
			files = (
			);
			runOnlyForDeploymentPostprocessing = 1;
		};
/* End PBXCopyFilesBuildPhase section */

/* Begin PBXFileReference section */
		1F5BFF271E1CB6AC00D084BC /* Arithmetic_C++ */ = {isa = PBXFileReference; explicitFileType = "compiled.mach-o.executable"; includeInIndex = 0; path = "Arithmetic_C++"; sourceTree = BUILT_PRODUCTS_DIR; };
		1F5BFF2A1E1CB6AC00D084BC /* main.cpp */ = {isa = PBXFileReference; lastKnownFileType = sourcecode.cpp.cpp; path = main.cpp; sourceTree = "<group>"; };
		1F5BFF341E1CB75400D084BC /* Vector_Implemention.hpp */ = {isa = PBXFileReference; fileEncoding = 4; lastKnownFileType = sourcecode.cpp.h; path = Vector_Implemention.hpp; sourceTree = "<group>"; };
		1F5BFF351E1CB75400D084BC /* Vector.hpp */ = {isa = PBXFileReference; fileEncoding = 4; lastKnownFileType = sourcecode.cpp.h; path = Vector.hpp; sourceTree = "<group>"; };
		2809D3DE1E1FCCD500140797 /* List_Implemention.hpp */ = {isa = PBXFileReference; fileEncoding = 4; lastKnownFileType = sourcecode.cpp.h; path = List_Implemention.hpp; sourceTree = "<group>"; };
		2809D3DF1E1FCCD500140797 /* List.hpp */ = {isa = PBXFileReference; fileEncoding = 4; lastKnownFileType = sourcecode.cpp.h; path = List.hpp; sourceTree = "<group>"; };
		2809D3E21E22596500140797 /* Stack.hpp */ = {isa = PBXFileReference; fileEncoding = 4; lastKnownFileType = sourcecode.cpp.h; path = Stack.hpp; sourceTree = "<group>"; };
		2836DA7C1E226C11009C0262 /* Utils.hpp */ = {isa = PBXFileReference; fileEncoding = 4; lastKnownFileType = sourcecode.cpp.h; path = Utils.hpp; sourceTree = "<group>"; };
		2836DA7F1E227630009C0262 /* Queue.hpp */ = {isa = PBXFileReference; fileEncoding = 4; lastKnownFileType = sourcecode.cpp.h; path = Queue.hpp; sourceTree = "<group>"; };
		2836DA871E228508009C0262 /* BinNode_Implemention.hpp */ = {isa = PBXFileReference; fileEncoding = 4; lastKnownFileType = sourcecode.cpp.h; path = BinNode_Implemention.hpp; sourceTree = "<group>"; };
		2836DA881E228508009C0262 /* BinNode.hpp */ = {isa = PBXFileReference; fileEncoding = 4; lastKnownFileType = sourcecode.cpp.h; path = BinNode.hpp; sourceTree = "<group>"; };
		2836DA8A1E228BEE009C0262 /* Binnode_macro_BASIC.h */ = {isa = PBXFileReference; lastKnownFileType = sourcecode.c.h; path = Binnode_macro_BASIC.h; sourceTree = "<group>"; };
		28FE81A11E23DEA6002B1B53 /* BinTree_Implemention.hpp */ = {isa = PBXFileReference; fileEncoding = 4; lastKnownFileType = sourcecode.cpp.h; path = BinTree_Implemention.hpp; sourceTree = "<group>"; };
		28FE81A21E23DEA6002B1B53 /* BinTree.hpp */ = {isa = PBXFileReference; fileEncoding = 4; lastKnownFileType = sourcecode.cpp.h; path = BinTree.hpp; sourceTree = "<group>"; };
/* End PBXFileReference section */

/* Begin PBXFrameworksBuildPhase section */
		1F5BFF241E1CB6AC00D084BC /* Frameworks */ = {
			isa = PBXFrameworksBuildPhase;
			buildActionMask = 2147483647;
			files = (
			);
			runOnlyForDeploymentPostprocessing = 0;
		};
/* End PBXFrameworksBuildPhase section */

/* Begin PBXGroup section */
		1F5BFF1E1E1CB6AC00D084BC = {
			isa = PBXGroup;
			children = (
				1F5BFF291E1CB6AC00D084BC /* Arithmetic_C++ */,
				1F5BFF281E1CB6AC00D084BC /* Products */,
			);
			sourceTree = "<group>";
		};
		1F5BFF281E1CB6AC00D084BC /* Products */ = {
			isa = PBXGroup;
			children = (
				1F5BFF271E1CB6AC00D084BC /* Arithmetic_C++ */,
			);
			name = Products;
			sourceTree = "<group>";
		};
		1F5BFF291E1CB6AC00D084BC /* Arithmetic_C++ */ = {
			isa = PBXGroup;
			children = (
				2836DA861E2284F2009C0262 /* BinTree */,
				2836DA851E2284E9009C0262 /* Shared */,
				2836DA841E2284E0009C0262 /* Queue */,
				2836DA831E2284D6009C0262 /* Stack */,
				2836DA821E2284CE009C0262 /* List */,
				2836DA811E2284B4009C0262 /* Vector */,
				1F5BFF2A1E1CB6AC00D084BC /* main.cpp */,
			);
			path = "Arithmetic_C++";
			sourceTree = "<group>";
		};
		2836DA811E2284B4009C0262 /* Vector */ = {
			isa = PBXGroup;
			children = (
				1F5BFF341E1CB75400D084BC /* Vector_Implemention.hpp */,
				1F5BFF351E1CB75400D084BC /* Vector.hpp */,
			);
			name = Vector;
			sourceTree = "<group>";
		};
		2836DA821E2284CE009C0262 /* List */ = {
			isa = PBXGroup;
			children = (
				2809D3DE1E1FCCD500140797 /* List_Implemention.hpp */,
				2809D3DF1E1FCCD500140797 /* List.hpp */,
			);
			name = List;
			sourceTree = "<group>";
		};
		2836DA831E2284D6009C0262 /* Stack */ = {
			isa = PBXGroup;
			children = (
				2809D3E21E22596500140797 /* Stack.hpp */,
			);
			name = Stack;
			sourceTree = "<group>";
		};
		2836DA841E2284E0009C0262 /* Queue */ = {
			isa = PBXGroup;
			children = (
				2836DA7F1E227630009C0262 /* Queue.hpp */,
			);
			name = Queue;
			sourceTree = "<group>";
		};
		2836DA851E2284E9009C0262 /* Shared */ = {
			isa = PBXGroup;
			children = (
				2836DA7C1E226C11009C0262 /* Utils.hpp */,
			);
			name = Shared;
			sourceTree = "<group>";
		};
		2836DA861E2284F2009C0262 /* BinTree */ = {
			isa = PBXGroup;
			children = (
				2836DA871E228508009C0262 /* BinNode_Implemention.hpp */,
				2836DA881E228508009C0262 /* BinNode.hpp */,
				2836DA8A1E228BEE009C0262 /* Binnode_macro_BASIC.h */,
				28FE81A11E23DEA6002B1B53 /* BinTree_Implemention.hpp */,
				28FE81A21E23DEA6002B1B53 /* BinTree.hpp */,
			);
			name = BinTree;
			sourceTree = "<group>";
		};
/* End PBXGroup section */

/* Begin PBXNativeTarget section */
		1F5BFF261E1CB6AC00D084BC /* Arithmetic_C++ */ = {
			isa = PBXNativeTarget;
			buildConfigurationList = 1F5BFF2E1E1CB6AC00D084BC /* Build configuration list for PBXNativeTarget "Arithmetic_C++" */;
			buildPhases = (
				1F5BFF231E1CB6AC00D084BC /* Sources */,
				1F5BFF241E1CB6AC00D084BC /* Frameworks */,
				1F5BFF251E1CB6AC00D084BC /* CopyFiles */,
			);
			buildRules = (
			);
			dependencies = (
			);
			name = "Arithmetic_C++";
			productName = "Arithmetic_C++";
			productReference = 1F5BFF271E1CB6AC00D084BC /* Arithmetic_C++ */;
			productType = "com.apple.product-type.tool";
		};
/* End PBXNativeTarget section */

/* Begin PBXProject section */
		1F5BFF1F1E1CB6AC00D084BC /* Project object */ = {
			isa = PBXProject;
			attributes = {
				LastUpgradeCheck = 0730;
				ORGANIZATIONNAME = HuanaoGroup;
				TargetAttributes = {
					1F5BFF261E1CB6AC00D084BC = {
						CreatedOnToolsVersion = 7.3.1;
					};
				};
			};
			buildConfigurationList = 1F5BFF221E1CB6AC00D084BC /* Build configuration list for PBXProject "Arithmetic_C++" */;
			compatibilityVersion = "Xcode 3.2";
			developmentRegion = English;
			hasScannedForEncodings = 0;
			knownRegions = (
				en,
			);
			mainGroup = 1F5BFF1E1E1CB6AC00D084BC;
			productRefGroup = 1F5BFF281E1CB6AC00D084BC /* Products */;
			projectDirPath = "";
			projectRoot = "";
			targets = (
				1F5BFF261E1CB6AC00D084BC /* Arithmetic_C++ */,
			);
		};
/* End PBXProject section */

/* Begin PBXSourcesBuildPhase section */
		1F5BFF231E1CB6AC00D084BC /* Sources */ = {
			isa = PBXSourcesBuildPhase;
			buildActionMask = 2147483647;
			files = (
				2809D3E01E1FCCD500140797 /* List_Implemention.hpp in Sources */,
				1F5BFF361E1CB75400D084BC /* Vector_Implemention.hpp in Sources */,
				2836DA891E228508009C0262 /* BinNode_Implemention.hpp in Sources */,
				1F5BFF2B1E1CB6AC00D084BC /* main.cpp in Sources */,
				28FE81A31E23DEA6002B1B53 /* BinTree_Implemention.hpp in Sources */,
			);
			runOnlyForDeploymentPostprocessing = 0;
		};
/* End PBXSourcesBuildPhase section */

/* Begin XCBuildConfiguration section */
		1F5BFF2C1E1CB6AC00D084BC /* Debug */ = {
			isa = XCBuildConfiguration;
			buildSettings = {
				ALWAYS_SEARCH_USER_PATHS = NO;
				CLANG_ANALYZER_NONNULL = YES;
				CLANG_CXX_LANGUAGE_STANDARD = "gnu++0x";
				CLANG_CXX_LIBRARY = "libc++";
				CLANG_ENABLE_MODULES = YES;
				CLANG_ENABLE_OBJC_ARC = YES;
				CLANG_WARN_BOOL_CONVERSION = YES;
				CLANG_WARN_CONSTANT_CONVERSION = YES;
				CLANG_WARN_DIRECT_OBJC_ISA_USAGE = YES_ERROR;
				CLANG_WARN_EMPTY_BODY = YES;
				CLANG_WARN_ENUM_CONVERSION = YES;
				CLANG_WARN_INT_CONVERSION = YES;
				CLANG_WARN_OBJC_ROOT_CLASS = YES_ERROR;
				CLANG_WARN_UNREACHABLE_CODE = YES;
				CLANG_WARN__DUPLICATE_METHOD_MATCH = YES;
				CODE_SIGN_IDENTITY = "-";
				COPY_PHASE_STRIP = NO;
				DEBUG_INFORMATION_FORMAT = dwarf;
				ENABLE_STRICT_OBJC_MSGSEND = YES;
				ENABLE_TESTABILITY = YES;
				GCC_C_LANGUAGE_STANDARD = gnu99;
				GCC_DYNAMIC_NO_PIC = NO;
				GCC_NO_COMMON_BLOCKS = YES;
				GCC_OPTIMIZATION_LEVEL = 0;
				GCC_PREPROCESSOR_DEFINITIONS = (
					"DEBUG=1",
					"$(inherited)",
				);
				GCC_WARN_64_TO_32_BIT_CONVERSION = YES;
				GCC_WARN_ABOUT_RETURN_TYPE = YES_ERROR;
				GCC_WARN_UNDECLARED_SELECTOR = YES;
				GCC_WARN_UNINITIALIZED_AUTOS = YES_AGGRESSIVE;
				GCC_WARN_UNUSED_FUNCTION = YES;
				GCC_WARN_UNUSED_VARIABLE = YES;
				MACOSX_DEPLOYMENT_TARGET = 10.11;
				MTL_ENABLE_DEBUG_INFO = YES;
				ONLY_ACTIVE_ARCH = YES;
				SDKROOT = macosx;
			};
			name = Debug;
		};
		1F5BFF2D1E1CB6AC00D084BC /* Release */ = {
			isa = XCBuildConfiguration;
			buildSettings = {
				ALWAYS_SEARCH_USER_PATHS = NO;
				CLANG_ANALYZER_NONNULL = YES;
				CLANG_CXX_LANGUAGE_STANDARD = "gnu++0x";
				CLANG_CXX_LIBRARY = "libc++";
				CLANG_ENABLE_MODULES = YES;
				CLANG_ENABLE_OBJC_ARC = YES;
				CLANG_WARN_BOOL_CONVERSION = YES;
				CLANG_WARN_CONSTANT_CONVERSION = YES;
				CLANG_WARN_DIRECT_OBJC_ISA_USAGE = YES_ERROR;
				CLANG_WARN_EMPTY_BODY = YES;
				CLANG_WARN_ENUM_CONVERSION = YES;
				CLANG_WARN_INT_CONVERSION = YES;
				CLANG_WARN_OBJC_ROOT_CLASS = YES_ERROR;
				CLANG_WARN_UNREACHABLE_CODE = YES;
				CLANG_WARN__DUPLICATE_METHOD_MATCH = YES;
				CODE_SIGN_IDENTITY = "-";
				COPY_PHASE_STRIP = NO;
				DEBUG_INFORMATION_FORMAT = "dwarf-with-dsym";
				ENABLE_NS_ASSERTIONS = NO;
				ENABLE_STRICT_OBJC_MSGSEND = YES;
				GCC_C_LANGUAGE_STANDARD = gnu99;
				GCC_NO_COMMON_BLOCKS = YES;
				GCC_WARN_64_TO_32_BIT_CONVERSION = YES;
				GCC_WARN_ABOUT_RETURN_TYPE = YES_ERROR;
				GCC_WARN_UNDECLARED_SELECTOR = YES;
				GCC_WARN_UNINITIALIZED_AUTOS = YES_AGGRESSIVE;
				GCC_WARN_UNUSED_FUNCTION = YES;
				GCC_WARN_UNUSED_VARIABLE = YES;
				MACOSX_DEPLOYMENT_TARGET = 10.11;
				MTL_ENABLE_DEBUG_INFO = NO;
				SDKROOT = macosx;
			};
			name = Release;
		};
		1F5BFF2F1E1CB6AC00D084BC /* Debug */ = {
			isa = XCBuildConfiguration;
			buildSettings = {
				PRODUCT_NAME = "$(TARGET_NAME)";
			};
			name = Debug;
		};
		1F5BFF301E1CB6AC00D084BC /* Release */ = {
			isa = XCBuildConfiguration;
			buildSettings = {
				PRODUCT_NAME = "$(TARGET_NAME)";
			};
			name = Release;
		};
/* End XCBuildConfiguration section */

/* Begin XCConfigurationList section */
		1F5BFF221E1CB6AC00D084BC /* Build configuration list for PBXProject "Arithmetic_C++" */ = {
			isa = XCConfigurationList;
			buildConfigurations = (
				1F5BFF2C1E1CB6AC00D084BC /* Debug */,
				1F5BFF2D1E1CB6AC00D084BC /* Release */,
			);
			defaultConfigurationIsVisible = 0;
			defaultConfigurationName = Release;
		};
		1F5BFF2E1E1CB6AC00D084BC /* Build configuration list for PBXNativeTarget "Arithmetic_C++" */ = {
			isa = XCConfigurationList;
			buildConfigurations = (
				1F5BFF2F1E1CB6AC00D084BC /* Debug */,
				1F5BFF301E1CB6AC00D084BC /* Release */,
			);
			defaultConfigurationIsVisible = 0;
			defaultConfigurationName = Release;
		};
/* End XCConfigurationList section */
	};
	rootObject = 1F5BFF1F1E1CB6AC00D084BC /* Project object */;
}
